// !$*UTF8*$!
{
	archiveVersion = 1;
	classes = {
	};
	objectVersion = 48;
	objects = {

/* Begin PBXBuildFile section */
		750A4ACB1FCC36D3000C023D /* AppDelegate.swift in Sources */ = {isa = PBXBuildFile; fileRef = 750A4ACA1FCC36D3000C023D /* AppDelegate.swift */; };
		750A4ACD1FCC36D3000C023D /* ViewController.swift in Sources */ = {isa = PBXBuildFile; fileRef = 750A4ACC1FCC36D3000C023D /* ViewController.swift */; };
		750A4AD01FCC36D3000C023D /* Main.storyboard in Resources */ = {isa = PBXBuildFile; fileRef = 750A4ACE1FCC36D3000C023D /* Main.storyboard */; };
		750A4AD21FCC36D3000C023D /* Assets.xcassets in Resources */ = {isa = PBXBuildFile; fileRef = 750A4AD11FCC36D3000C023D /* Assets.xcassets */; };
		750A4AD51FCC36D3000C023D /* LaunchScreen.storyboard in Resources */ = {isa = PBXBuildFile; fileRef = 750A4AD31FCC36D3000C023D /* LaunchScreen.storyboard */; };
		750A4AE01FCC36D3000C023D /* _0003_ScrollView_ZoomTests.swift in Sources */ = {isa = PBXBuildFile; fileRef = 750A4ADF1FCC36D3000C023D /* _0003_ScrollView_ZoomTests.swift */; };
		750A4AEB1FCC36D3000C023D /* _0003_ScrollView_ZoomUITests.swift in Sources */ = {isa = PBXBuildFile; fileRef = 750A4AEA1FCC36D3000C023D /* _0003_ScrollView_ZoomUITests.swift */; };
/* End PBXBuildFile section */

/* Begin PBXContainerItemProxy section */
		750A4ADC1FCC36D3000C023D /* PBXContainerItemProxy */ = {
			isa = PBXContainerItemProxy;
			containerPortal = 750A4ABF1FCC36D3000C023D /* Project object */;
			proxyType = 1;
			remoteGlobalIDString = 750A4AC61FCC36D3000C023D;
			remoteInfo = "00003-ScrollView_Zoom";
		};
		750A4AE71FCC36D3000C023D /* PBXContainerItemProxy */ = {
			isa = PBXContainerItemProxy;
			containerPortal = 750A4ABF1FCC36D3000C023D /* Project object */;
			proxyType = 1;
			remoteGlobalIDString = 750A4AC61FCC36D3000C023D;
			remoteInfo = "00003-ScrollView_Zoom";
		};
/* End PBXContainerItemProxy section */

/* Begin PBXFileReference section */
		750A4AC71FCC36D3000C023D /* 00003-ScrollView_Zoom.app */ = {isa = PBXFileReference; explicitFileType = wrapper.application; includeInIndex = 0; path = "00003-ScrollView_Zoom.app"; sourceTree = BUILT_PRODUCTS_DIR; };
		750A4ACA1FCC36D3000C023D /* AppDelegate.swift */ = {isa = PBXFileReference; lastKnownFileType = sourcecode.swift; path = AppDelegate.swift; sourceTree = "<group>"; };
		750A4ACC1FCC36D3000C023D /* ViewController.swift */ = {isa = PBXFileReference; lastKnownFileType = sourcecode.swift; path = ViewController.swift; sourceTree = "<group>"; };
		750A4ACF1FCC36D3000C023D /* Base */ = {isa = PBXFileReference; lastKnownFileType = file.storyboard; name = Base; path = Base.lproj/Main.storyboard; sourceTree = "<group>"; };
		750A4AD11FCC36D3000C023D /* Assets.xcassets */ = {isa = PBXFileReference; lastKnownFileType = folder.assetcatalog; path = Assets.xcassets; sourceTree = "<group>"; };
		750A4AD41FCC36D3000C023D /* Base */ = {isa = PBXFileReference; lastKnownFileType = file.storyboard; name = Base; path = Base.lproj/LaunchScreen.storyboard; sourceTree = "<group>"; };
		750A4AD61FCC36D3000C023D /* Info.plist */ = {isa = PBXFileReference; lastKnownFileType = text.plist.xml; path = Info.plist; sourceTree = "<group>"; };
		750A4ADB1FCC36D3000C023D /* 00003-ScrollView_ZoomTests.xctest */ = {isa = PBXFileReference; explicitFileType = wrapper.cfbundle; includeInIndex = 0; path = "00003-ScrollView_ZoomTests.xctest"; sourceTree = BUILT_PRODUCTS_DIR; };
		750A4ADF1FCC36D3000C023D /* _0003_ScrollView_ZoomTests.swift */ = {isa = PBXFileReference; lastKnownFileType = sourcecode.swift; path = _0003_ScrollView_ZoomTests.swift; sourceTree = "<group>"; };
		750A4AE11FCC36D3000C023D /* Info.plist */ = {isa = PBXFileReference; lastKnownFileType = text.plist.xml; path = Info.plist; sourceTree = "<group>"; };
		750A4AE61FCC36D3000C023D /* 00003-ScrollView_ZoomUITests.xctest */ = {isa = PBXFileReference; explicitFileType = wrapper.cfbundle; includeInIndex = 0; path = "00003-ScrollView_ZoomUITests.xctest"; sourceTree = BUILT_PRODUCTS_DIR; };
		750A4AEA1FCC36D3000C023D /* _0003_ScrollView_ZoomUITests.swift */ = {isa = PBXFileReference; lastKnownFileType = sourcecode.swift; path = _0003_ScrollView_ZoomUITests.swift; sourceTree = "<group>"; };
		750A4AEC1FCC36D3000C023D /* Info.plist */ = {isa = PBXFileReference; lastKnownFileType = text.plist.xml; path = Info.plist; sourceTree = "<group>"; };
/* End PBXFileReference section */

/* Begin PBXFrameworksBuildPhase section */
		750A4AC41FCC36D3000C023D /* Frameworks */ = {
			isa = PBXFrameworksBuildPhase;
			buildActionMask = 2147483647;
			files = (
			);
			runOnlyForDeploymentPostprocessing = 0;
		};
		750A4AD81FCC36D3000C023D /* Frameworks */ = {
			isa = PBXFrameworksBuildPhase;
			buildActionMask = 2147483647;
			files = (
			);
			runOnlyForDeploymentPostprocessing = 0;
		};
		750A4AE31FCC36D3000C023D /* Frameworks */ = {
			isa = PBXFrameworksBuildPhase;
			buildActionMask = 2147483647;
			files = (
			);
			runOnlyForDeploymentPostprocessing = 0;
		};
/* End PBXFrameworksBuildPhase section */

/* Begin PBXGroup section */
		750A4ABE1FCC36D3000C023D = {
			isa = PBXGroup;
			children = (
				750A4AC91FCC36D3000C023D /* 00003-ScrollView_Zoom */,
				750A4ADE1FCC36D3000C023D /* 00003-ScrollView_ZoomTests */,
				750A4AE91FCC36D3000C023D /* 00003-ScrollView_ZoomUITests */,
				750A4AC81FCC36D3000C023D /* Products */,
			);
			sourceTree = "<group>";
		};
		750A4AC81FCC36D3000C023D /* Products */ = {
			isa = PBXGroup;
			children = (
				750A4AC71FCC36D3000C023D /* 00003-ScrollView_Zoom.app */,
				750A4ADB1FCC36D3000C023D /* 00003-ScrollView_ZoomTests.xctest */,
				750A4AE61FCC36D3000C023D /* 00003-ScrollView_ZoomUITests.xctest */,
			);
			name = Products;
			sourceTree = "<group>";
		};
		750A4AC91FCC36D3000C023D /* 00003-ScrollView_Zoom */ = {
			isa = PBXGroup;
			children = (
				750A4ACA1FCC36D3000C023D /* AppDelegate.swift */,
				750A4ACC1FCC36D3000C023D /* ViewController.swift */,
				750A4ACE1FCC36D3000C023D /* Main.storyboard */,
				750A4AD11FCC36D3000C023D /* Assets.xcassets */,
				750A4AD31FCC36D3000C023D /* LaunchScreen.storyboard */,
				750A4AD61FCC36D3000C023D /* Info.plist */,
			);
			path = "00003-ScrollView_Zoom";
			sourceTree = "<group>";
		};
		750A4ADE1FCC36D3000C023D /* 00003-ScrollView_ZoomTests */ = {
			isa = PBXGroup;
			children = (
				750A4ADF1FCC36D3000C023D /* _0003_ScrollView_ZoomTests.swift */,
				750A4AE11FCC36D3000C023D /* Info.plist */,
			);
			path = "00003-ScrollView_ZoomTests";
			sourceTree = "<group>";
		};
		750A4AE91FCC36D3000C023D /* 00003-ScrollView_ZoomUITests */ = {
			isa = PBXGroup;
			children = (
				750A4AEA1FCC36D3000C023D /* _0003_ScrollView_ZoomUITests.swift */,
				750A4AEC1FCC36D3000C023D /* Info.plist */,
			);
			path = "00003-ScrollView_ZoomUITests";
			sourceTree = "<group>";
		};
/* End PBXGroup section */

/* Begin PBXNativeTarget section */
		750A4AC61FCC36D3000C023D /* 00003-ScrollView_Zoom */ = {
			isa = PBXNativeTarget;
			buildConfigurationList = 750A4AEF1FCC36D3000C023D /* Build configuration list for PBXNativeTarget "00003-ScrollView_Zoom" */;
			buildPhases = (
				750A4AC31FCC36D3000C023D /* Sources */,
				750A4AC41FCC36D3000C023D /* Frameworks */,
				750A4AC51FCC36D3000C023D /* Resources */,
			);
			buildRules = (
			);
			dependencies = (
			);
			name = "00003-ScrollView_Zoom";
			productName = "00003-ScrollView_Zoom";
			productReference = 750A4AC71FCC36D3000C023D /* 00003-ScrollView_Zoom.app */;
			productType = "com.apple.product-type.application";
		};
		750A4ADA1FCC36D3000C023D /* 00003-ScrollView_ZoomTests */ = {
			isa = PBXNativeTarget;
			buildConfigurationList = 750A4AF21FCC36D3000C023D /* Build configuration list for PBXNativeTarget "00003-ScrollView_ZoomTests" */;
			buildPhases = (
				750A4AD71FCC36D3000C023D /* Sources */,
				750A4AD81FCC36D3000C023D /* Frameworks */,
				750A4AD91FCC36D3000C023D /* Resources */,
			);
			buildRules = (
			);
			dependencies = (
				750A4ADD1FCC36D3000C023D /* PBXTargetDependency */,
			);
			name = "00003-ScrollView_ZoomTests";
			productName = "00003-ScrollView_ZoomTests";
			productReference = 750A4ADB1FCC36D3000C023D /* 00003-ScrollView_ZoomTests.xctest */;
			productType = "com.apple.product-type.bundle.unit-test";
		};
		750A4AE51FCC36D3000C023D /* 00003-ScrollView_ZoomUITests */ = {
			isa = PBXNativeTarget;
			buildConfigurationList = 750A4AF51FCC36D3000C023D /* Build configuration list for PBXNativeTarget "00003-ScrollView_ZoomUITests" */;
			buildPhases = (
				750A4AE21FCC36D3000C023D /* Sources */,
				750A4AE31FCC36D3000C023D /* Frameworks */,
				750A4AE41FCC36D3000C023D /* Resources */,
			);
			buildRules = (
			);
			dependencies = (
				750A4AE81FCC36D3000C023D /* PBXTargetDependency */,
			);
			name = "00003-ScrollView_ZoomUITests";
			productName = "00003-ScrollView_ZoomUITests";
			productReference = 750A4AE61FCC36D3000C023D /* 00003-ScrollView_ZoomUITests.xctest */;
			productType = "com.apple.product-type.bundle.ui-testing";
		};
/* End PBXNativeTarget section */

/* Begin PBXProject section */
		750A4ABF1FCC36D3000C023D /* Project object */ = {
			isa = PBXProject;
			attributes = {
				LastSwiftUpdateCheck = 0900;
				LastUpgradeCheck = 0900;
				ORGANIZATIONNAME = Corotata;
				TargetAttributes = {
					750A4AC61FCC36D3000C023D = {
						CreatedOnToolsVersion = 9.0;
						ProvisioningStyle = Automatic;
					};
					750A4ADA1FCC36D3000C023D = {
						CreatedOnToolsVersion = 9.0;
						ProvisioningStyle = Automatic;
						TestTargetID = 750A4AC61FCC36D3000C023D;
					};
					750A4AE51FCC36D3000C023D = {
						CreatedOnToolsVersion = 9.0;
						ProvisioningStyle = Automatic;
						TestTargetID = 750A4AC61FCC36D3000C023D;
					};
				};
			};
			buildConfigurationList = 750A4AC21FCC36D3000C023D /* Build configuration list for PBXProject "00003-ScrollView_Zoom" */;
			compatibilityVersion = "Xcode 8.0";
			developmentRegion = en;
			hasScannedForEncodings = 0;
			knownRegions = (
				en,
				Base,
			);
			mainGroup = 750A4ABE1FCC36D3000C023D;
			productRefGroup = 750A4AC81FCC36D3000C023D /* Products */;
			projectDirPath = "";
			projectRoot = "";
			targets = (
				750A4AC61FCC36D3000C023D /* 00003-ScrollView_Zoom */,
				750A4ADA1FCC36D3000C023D /* 00003-ScrollView_ZoomTests */,
				750A4AE51FCC36D3000C023D /* 00003-ScrollView_ZoomUITests */,
			);
		};
/* End PBXProject section */

/* Begin PBXResourcesBuildPhase section */
		750A4AC51FCC36D3000C023D /* Resources */ = {
			isa = PBXResourcesBuildPhase;
			buildActionMask = 2147483647;
			files = (
				750A4AD51FCC36D3000C023D /* LaunchScreen.storyboard in Resources */,
				750A4AD21FCC36D3000C023D /* Assets.xcassets in Resources */,
				750A4AD01FCC36D3000C023D /* Main.storyboard in Resources */,
			);
			runOnlyForDeploymentPostprocessing = 0;
		};
		750A4AD91FCC36D3000C023D /* Resources */ = {
			isa = PBXResourcesBuildPhase;
			buildActionMask = 2147483647;
			files = (
			);
			runOnlyForDeploymentPostprocessing = 0;
		};
		750A4AE41FCC36D3000C023D /* Resources */ = {
			isa = PBXResourcesBuildPhase;
			buildActionMask = 2147483647;
			files = (
			);
			runOnlyForDeploymentPostprocessing = 0;
		};
/* End PBXResourcesBuildPhase section */

/* Begin PBXSourcesBuildPhase section */
		750A4AC31FCC36D3000C023D /* Sources */ = {
			isa = PBXSourcesBuildPhase;
			buildActionMask = 2147483647;
			files = (
				750A4ACD1FCC36D3000C023D /* ViewController.swift in Sources */,
				750A4ACB1FCC36D3000C023D /* AppDelegate.swift in Sources */,
			);
			runOnlyForDeploymentPostprocessing = 0;
		};
		750A4AD71FCC36D3000C023D /* Sources */ = {
			isa = PBXSourcesBuildPhase;
			buildActionMask = 2147483647;
			files = (
				750A4AE01FCC36D3000C023D /* _0003_ScrollView_ZoomTests.swift in Sources */,
			);
			runOnlyForDeploymentPostprocessing = 0;
		};
		750A4AE21FCC36D3000C023D /* Sources */ = {
			isa = PBXSourcesBuildPhase;
			buildActionMask = 2147483647;
			files = (
				750A4AEB1FCC36D3000C023D /* _0003_ScrollView_ZoomUITests.swift in Sources */,
			);
			runOnlyForDeploymentPostprocessing = 0;
		};
/* End PBXSourcesBuildPhase section */

/* Begin PBXTargetDependency section */
		750A4ADD1FCC36D3000C023D /* PBXTargetDependency */ = {
			isa = PBXTargetDependency;
			target = 750A4AC61FCC36D3000C023D /* 00003-ScrollView_Zoom */;
			targetProxy = 750A4ADC1FCC36D3000C023D /* PBXContainerItemProxy */;
		};
		750A4AE81FCC36D3000C023D /* PBXTargetDependency */ = {
			isa = PBXTargetDependency;
			target = 750A4AC61FCC36D3000C023D /* 00003-ScrollView_Zoom */;
			targetProxy = 750A4AE71FCC36D3000C023D /* PBXContainerItemProxy */;
		};
/* End PBXTargetDependency section */

/* Begin PBXVariantGroup section */
		750A4ACE1FCC36D3000C023D /* Main.storyboard */ = {
			isa = PBXVariantGroup;
			children = (
				750A4ACF1FCC36D3000C023D /* Base */,
			);
			name = Main.storyboard;
			sourceTree = "<group>";
		};
		750A4AD31FCC36D3000C023D /* LaunchScreen.storyboard */ = {
			isa = PBXVariantGroup;
			children = (
				750A4AD41FCC36D3000C023D /* Base */,
			);
			name = LaunchScreen.storyboard;
			sourceTree = "<group>";
		};
/* End PBXVariantGroup section */

/* Begin XCBuildConfiguration section */
		750A4AED1FCC36D3000C023D /* Debug */ = {
			isa = XCBuildConfiguration;
			buildSettings = {
				ALWAYS_SEARCH_USER_PATHS = NO;
				CLANG_ANALYZER_NONNULL = YES;
				CLANG_ANALYZER_NUMBER_OBJECT_CONVERSION = YES_AGGRESSIVE;
				CLANG_CXX_LANGUAGE_STANDARD = "gnu++14";
				CLANG_CXX_LIBRARY = "libc++";
				CLANG_ENABLE_MODULES = YES;
				CLANG_ENABLE_OBJC_ARC = YES;
				CLANG_WARN_BLOCK_CAPTURE_AUTORELEASING = YES;
				CLANG_WARN_BOOL_CONVERSION = YES;
				CLANG_WARN_COMMA = YES;
				CLANG_WARN_CONSTANT_CONVERSION = YES;
				CLANG_WARN_DIRECT_OBJC_ISA_USAGE = YES_ERROR;
				CLANG_WARN_DOCUMENTATION_COMMENTS = YES;
				CLANG_WARN_EMPTY_BODY = YES;
				CLANG_WARN_ENUM_CONVERSION = YES;
				CLANG_WARN_INFINITE_RECURSION = YES;
				CLANG_WARN_INT_CONVERSION = YES;
				CLANG_WARN_NON_LITERAL_NULL_CONVERSION = YES;
				CLANG_WARN_OBJC_LITERAL_CONVERSION = YES;
				CLANG_WARN_OBJC_ROOT_CLASS = YES_ERROR;
				CLANG_WARN_RANGE_LOOP_ANALYSIS = YES;
				CLANG_WARN_STRICT_PROTOTYPES = YES;
				CLANG_WARN_SUSPICIOUS_MOVE = YES;
				CLANG_WARN_UNGUARDED_AVAILABILITY = YES_AGGRESSIVE;
				CLANG_WARN_UNREACHABLE_CODE = YES;
				CLANG_WARN__DUPLICATE_METHOD_MATCH = YES;
				CODE_SIGN_IDENTITY = "iPhone Developer";
				COPY_PHASE_STRIP = NO;
				DEBUG_INFORMATION_FORMAT = dwarf;
				ENABLE_STRICT_OBJC_MSGSEND = YES;
				ENABLE_TESTABILITY = YES;
				GCC_C_LANGUAGE_STANDARD = gnu11;
				GCC_DYNAMIC_NO_PIC = NO;
				GCC_NO_COMMON_BLOCKS = YES;
				GCC_OPTIMIZATION_LEVEL = 0;
				GCC_PREPROCESSOR_DEFINITIONS = (
					"DEBUG=1",
					"$(inherited)",
				);
				GCC_WARN_64_TO_32_BIT_CONVERSION = YES;
				GCC_WARN_ABOUT_RETURN_TYPE = YES_ERROR;
				GCC_WARN_UNDECLARED_SELECTOR = YES;
				GCC_WARN_UNINITIALIZED_AUTOS = YES_AGGRESSIVE;
				GCC_WARN_UNUSED_FUNCTION = YES;
				GCC_WARN_UNUSED_VARIABLE = YES;
				IPHONEOS_DEPLOYMENT_TARGET = 11.0;
				MTL_ENABLE_DEBUG_INFO = YES;
				ONLY_ACTIVE_ARCH = YES;
				SDKROOT = iphoneos;
				SWIFT_ACTIVE_COMPILATION_CONDITIONS = DEBUG;
				SWIFT_OPTIMIZATION_LEVEL = "-Onone";
			};
			name = Debug;
		};
		750A4AEE1FCC36D3000C023D /* Release */ = {
			isa = XCBuildConfiguration;
			buildSettings = {
				ALWAYS_SEARCH_USER_PATHS = NO;
				CLANG_ANALYZER_NONNULL = YES;
				CLANG_ANALYZER_NUMBER_OBJECT_CONVERSION = YES_AGGRESSIVE;
				CLANG_CXX_LANGUAGE_STANDARD = "gnu++14";
				CLANG_CXX_LIBRARY = "libc++";
				CLANG_ENABLE_MODULES = YES;
				CLANG_ENABLE_OBJC_ARC = YES;
				CLANG_WARN_BLOCK_CAPTURE_AUTORELEASING = YES;
				CLANG_WARN_BOOL_CONVERSION = YES;
				CLANG_WARN_COMMA = YES;
				CLANG_WARN_CONSTANT_CONVERSION = YES;
				CLANG_WARN_DIRECT_OBJC_ISA_USAGE = YES_ERROR;
				CLANG_WARN_DOCUMENTATION_COMMENTS = YES;
				CLANG_WARN_EMPTY_BODY = YES;
				CLANG_WARN_ENUM_CONVERSION = YES;
				CLANG_WARN_INFINITE_RECURSION = YES;
				CLANG_WARN_INT_CONVERSION = YES;
				CLANG_WARN_NON_LITERAL_NULL_CONVERSION = YES;
				CLANG_WARN_OBJC_LITERAL_CONVERSION = YES;
				CLANG_WARN_OBJC_ROOT_CLASS = YES_ERROR;
				CLANG_WARN_RANGE_LOOP_ANALYSIS = YES;
				CLANG_WARN_STRICT_PROTOTYPES = YES;
				CLANG_WARN_SUSPICIOUS_MOVE = YES;
				CLANG_WARN_UNGUARDED_AVAILABILITY = YES_AGGRESSIVE;
				CLANG_WARN_UNREACHABLE_CODE = YES;
				CLANG_WARN__DUPLICATE_METHOD_MATCH = YES;
				CODE_SIGN_IDENTITY = "iPhone Developer";
				COPY_PHASE_STRIP = NO;
				DEBUG_INFORMATION_FORMAT = "dwarf-with-dsym";
				ENABLE_NS_ASSERTIONS = NO;
				ENABLE_STRICT_OBJC_MSGSEND = YES;
				GCC_C_LANGUAGE_STANDARD = gnu11;
				GCC_NO_COMMON_BLOCKS = YES;
				GCC_WARN_64_TO_32_BIT_CONVERSION = YES;
				GCC_WARN_ABOUT_RETURN_TYPE = YES_ERROR;
				GCC_WARN_UNDECLARED_SELECTOR = YES;
				GCC_WARN_UNINITIALIZED_AUTOS = YES_AGGRESSIVE;
				GCC_WARN_UNUSED_FUNCTION = YES;
				GCC_WARN_UNUSED_VARIABLE = YES;
				IPHONEOS_DEPLOYMENT_TARGET = 11.0;
				MTL_ENABLE_DEBUG_INFO = NO;
				SDKROOT = iphoneos;
				SWIFT_OPTIMIZATION_LEVEL = "-Owholemodule";
				VALIDATE_PRODUCT = YES;
			};
			name = Release;
		};
		750A4AF01FCC36D3000C023D /* Debug */ = {
			isa = XCBuildConfiguration;
			buildSettings = {
				ASSETCATALOG_COMPILER_APPICON_NAME = AppIcon;
				CODE_SIGN_STYLE = Automatic;
				INFOPLIST_FILE = "00003-ScrollView_Zoom/Info.plist";
				LD_RUNPATH_SEARCH_PATHS = "$(inherited) @executable_path/Frameworks";
				PRODUCT_BUNDLE_IDENTIFIER = "com.corotata.-0003-ScrollView-Zoom";
				PRODUCT_NAME = "$(TARGET_NAME)";
				SWIFT_VERSION = 4.0;
				TARGETED_DEVICE_FAMILY = "1,2";
			};
			name = Debug;
		};
		750A4AF11FCC36D3000C023D /* Release */ = {
			isa = XCBuildConfiguration;
			buildSettings = {
				ASSETCATALOG_COMPILER_APPICON_NAME = AppIcon;
				CODE_SIGN_STYLE = Automatic;
				INFOPLIST_FILE = "00003-ScrollView_Zoom/Info.plist";
				LD_RUNPATH_SEARCH_PATHS = "$(inherited) @executable_path/Frameworks";
				PRODUCT_BUNDLE_IDENTIFIER = "com.corotata.-0003-ScrollView-Zoom";
				PRODUCT_NAME = "$(TARGET_NAME)";
				SWIFT_VERSION = 4.0;
				TARGETED_DEVICE_FAMILY = "1,2";
			};
			name = Release;
		};
		750A4AF31FCC36D3000C023D /* Debug */ = {
			isa = XCBuildConfiguration;
			buildSettings = {
				ALWAYS_EMBED_SWIFT_STANDARD_LIBRARIES = YES;
				BUNDLE_LOADER = "$(TEST_HOST)";
				CODE_SIGN_STYLE = Automatic;
				INFOPLIST_FILE = "00003-ScrollView_ZoomTests/Info.plist";
				LD_RUNPATH_SEARCH_PATHS = "$(inherited) @executable_path/Frameworks @loader_path/Frameworks";
				PRODUCT_BUNDLE_IDENTIFIER = "com.corotata.-0003-ScrollView-ZoomTests";
				PRODUCT_NAME = "$(TARGET_NAME)";
				SWIFT_VERSION = 4.0;
				TARGETED_DEVICE_FAMILY = "1,2";
				TEST_HOST = "$(BUILT_PRODUCTS_DIR)/00003-ScrollView_Zoom.app/00003-ScrollView_Zoom";
			};
			name = Debug;
		};
		750A4AF41FCC36D3000C023D /* Release */ = {
			isa = XCBuildConfiguration;
			buildSettings = {
				ALWAYS_EMBED_SWIFT_STANDARD_LIBRARIES = YES;
				BUNDLE_LOADER = "$(TEST_HOST)";
				CODE_SIGN_STYLE = Automatic;
				INFOPLIST_FILE = "00003-ScrollView_ZoomTests/Info.plist";
				LD_RUNPATH_SEARCH_PATHS = "$(inherited) @executable_path/Frameworks @loader_path/Frameworks";
				PRODUCT_BUNDLE_IDENTIFIER = "com.corotata.-0003-ScrollView-ZoomTests";
				PRODUCT_NAME = "$(TARGET_NAME)";
				SWIFT_VERSION = 4.0;
				TARGETED_DEVICE_FAMILY = "1,2";
				TEST_HOST = "$(BUILT_PRODUCTS_DIR)/00003-ScrollView_Zoom.app/00003-ScrollView_Zoom";
			};
			name = Release;
		};
		750A4AF61FCC36D3000C023D /* Debug */ = {
			isa = XCBuildConfiguration;
			buildSettings = {
				ALWAYS_EMBED_SWIFT_STANDARD_LIBRARIES = YES;
				CODE_SIGN_STYLE = Automatic;
				INFOPLIST_FILE = "00003-ScrollView_ZoomUITests/Info.plist";
				LD_RUNPATH_SEARCH_PATHS = "$(inherited) @executable_path/Frameworks @loader_path/Frameworks";
				PRODUCT_BUNDLE_IDENTIFIER = "com.corotata.-0003-ScrollView-ZoomUITests";
				PRODUCT_NAME = "$(TARGET_NAME)";
				SWIFT_VERSION = 4.0;
				TARGETED_DEVICE_FAMILY = "1,2";
				TEST_TARGET_NAME = "00003-ScrollView_Zoom";
			};
			name = Debug;
		};
		750A4AF71FCC36D3000C023D /* Release */ = {
			isa = XCBuildConfiguration;
			buildSettings = {
				ALWAYS_EMBED_SWIFT_STANDARD_LIBRARIES = YES;
				CODE_SIGN_STYLE = Automatic;
				INFOPLIST_FILE = "00003-ScrollView_ZoomUITests/Info.plist";
				LD_RUNPATH_SEARCH_PATHS = "$(inherited) @executable_path/Frameworks @loader_path/Frameworks";
				PRODUCT_BUNDLE_IDENTIFIER = "com.corotata.-0003-ScrollView-ZoomUITests";
				PRODUCT_NAME = "$(TARGET_NAME)";
				SWIFT_VERSION = 4.0;
				TARGETED_DEVICE_FAMILY = "1,2";
				TEST_TARGET_NAME = "00003-ScrollView_Zoom";
			};
			name = Release;
		};
/* End XCBuildConfiguration section */

/* Begin XCConfigurationList section */
		750A4AC21FCC36D3000C023D /* Build configuration list for PBXProject "00003-ScrollView_Zoom" */ = {
			isa = XCConfigurationList;
			buildConfigurations = (
				750A4AED1FCC36D3000C023D /* Debug */,
				750A4AEE1FCC36D3000C023D /* Release */,
			);
			defaultConfigurationIsVisible = 0;
			defaultConfigurationName = Release;
		};
		750A4AEF1FCC36D3000C023D /* Build configuration list for PBXNativeTarget "00003-ScrollView_Zoom" */ = {
			isa = XCConfigurationList;
			buildConfigurations = (
				750A4AF01FCC36D3000C023D /* Debug */,
				750A4AF11FCC36D3000C023D /* Release */,
			);
			defaultConfigurationIsVisible = 0;
			defaultConfigurationName = Release;
		};
		750A4AF21FCC36D3000C023D /* Build configuration list for PBXNativeTarget "00003-ScrollView_ZoomTests" */ = {
			isa = XCConfigurationList;
			buildConfigurations = (
				750A4AF31FCC36D3000C023D /* Debug */,
				750A4AF41FCC36D3000C023D /* Release */,
			);
			defaultConfigurationIsVisible = 0;
			defaultConfigurationName = Release;
		};
		750A4AF51FCC36D3000C023D /* Build configuration list for PBXNativeTarget "00003-ScrollView_ZoomUITests" */ = {
			isa = XCConfigurationList;
			buildConfigurations = (
				750A4AF61FCC36D3000C023D /* Debug */,
				750A4AF71FCC36D3000C023D /* Release */,
			);
			defaultConfigurationIsVisible = 0;
			defaultConfigurationName = Release;
		};
/* End XCConfigurationList section */
	};
	rootObject = 750A4ABF1FCC36D3000C023D /* Project object */;
}
